
Microsoft Visual Studio Solution File, Format Version 12.00
# Visual Studio 14
VisualStudioVersion = 14.0.25420.1
MinimumVisualStudioVersion = 10.0.40219.1
Project("{FAE04EC0-301F-11D3-BF4B-00C04F79EFBC}") = "WebHost", "WebHost\WebHost.csproj", "{AB3B2046-645A-4736-A79C-71E62A18B9E7}"
EndProject
Project("{FAE04EC0-301F-11D3-BF4B-00C04F79EFBC}") = "Ivony.TableGame.ConsoleClient", "Ivony.TableGame.ConsoleClient\Ivony.TableGame.ConsoleClient.csproj", "{20ABE1F8-1000-49D9-9F02-134E33F6C3D0}"
EndProject
Project("{FAE04EC0-301F-11D3-BF4B-00C04F79EFBC}") = "Ivony.TableGame.Core", "Ivony.TableGame.Core\Ivony.TableGame.Core.csproj", "{AD2E0903-517B-489B-A001-361022D015F3}"
EndProject
Project("{FAE04EC0-301F-11D3-BF4B-00C04F79EFBC}") = "Ivony.TableGame.SimpleGames", "Ivony.TableGame.SimpleGames\Ivony.TableGame.SimpleGames.csproj", "{E3C44EA2-517E-46D1-8BFA-D4D40A319E90}"
EndProject
Project("{FAE04EC0-301F-11D3-BF4B-00C04F79EFBC}") = "Ivony.TableGame.CardGames", "Ivony.TableGame.CardGames\Ivony.TableGame.CardGames.csproj", "{74742E84-6F8B-467E-8FCA-59FBA784AED9}"
EndProject
Project("{FAE04EC0-301F-11D3-BF4B-00C04F79EFBC}") = "Ivony.TableGame.MurderGames", "Ivony.TableGame.MurderGames\Ivony.TableGame.MurderGames.csproj", "{11567B47-A1C3-4F25-9CCE-7817A63F6F82}"
EndProject
Project("{FAE04EC0-301F-11D3-BF4B-00C04F79EFBC}") = "Ivony.TableGame.Pokers", "Ivony.TableGame.Pokers\Ivony.TableGame.Pokers.csproj", "{EB96CD0E-96D7-4680-9E33-49ED194887D5}"
EndProject
Global
	GlobalSection(SolutionConfigurationPlatforms) = preSolution
		Debug|Any CPU = Debug|Any CPU
		Release|Any CPU = Release|Any CPU
	EndGlobalSection
	GlobalSection(ProjectConfigurationPlatforms) = postSolution
		{AB3B2046-645A-4736-A79C-71E62A18B9E7}.Debug|Any CPU.ActiveCfg = Debug|Any CPU
		{AB3B2046-645A-4736-A79C-71E62A18B9E7}.Debug|Any CPU.Build.0 = Debug|Any CPU
		{AB3B2046-645A-4736-A79C-71E62A18B9E7}.Release|Any CPU.ActiveCfg = Release|Any CPU
		{AB3B2046-645A-4736-A79C-71E62A18B9E7}.Release|Any CPU.Build.0 = Release|Any CPU
		{20ABE1F8-1000-49D9-9F02-134E33F6C3D0}.Debug|Any CPU.ActiveCfg = Debug|Any CPU
		{20ABE1F8-1000-49D9-9F02-134E33F6C3D0}.Debug|Any CPU.Build.0 = Debug|Any CPU
		{20ABE1F8-1000-49D9-9F02-134E33F6C3D0}.Release|Any CPU.ActiveCfg = Release|Any CPU
		{20ABE1F8-1000-49D9-9F02-134E33F6C3D0}.Release|Any CPU.Build.0 = Release|Any CPU
		{AD2E0903-517B-489B-A001-361022D015F3}.Debug|Any CPU.ActiveCfg = Debug|Any CPU
		{AD2E0903-517B-489B-A001-361022D015F3}.Debug|Any CPU.Build.0 = Debug|Any CPU
		{AD2E0903-517B-489B-A001-361022D015F3}.Release|Any CPU.ActiveCfg = Release|Any CPU
		{AD2E0903-517B-489B-A001-361022D015F3}.Release|Any CPU.Build.0 = Release|Any CPU
		{E3C44EA2-517E-46D1-8BFA-D4D40A319E90}.Debug|Any CPU.ActiveCfg = Debug|Any CPU
		{E3C44EA2-517E-46D1-8BFA-D4D40A319E90}.Debug|Any CPU.Build.0 = Debug|Any CPU
		{E3C44EA2-517E-46D1-8BFA-D4D40A319E90}.Release|Any CPU.ActiveCfg = Release|Any CPU
		{E3C44EA2-517E-46D1-8BFA-D4D40A319E90}.Release|Any CPU.Build.0 = Release|Any CPU
		{74742E84-6F8B-467E-8FCA-59FBA784AED9}.Debug|Any CPU.ActiveCfg = Debug|Any CPU
		{74742E84-6F8B-467E-8FCA-59FBA784AED9}.Debug|Any CPU.Build.0 = Debug|Any CPU
		{74742E84-6F8B-467E-8FCA-59FBA784AED9}.Release|Any CPU.ActiveCfg = Release|Any CPU
		{74742E84-6F8B-467E-8FCA-59FBA784AED9}.Release|Any CPU.Build.0 = Release|Any CPU
		{11567B47-A1C3-4F25-9CCE-7817A63F6F82}.Debug|Any CPU.ActiveCfg = Debug|Any CPU
		{11567B47-A1C3-4F25-9CCE-7817A63F6F82}.Debug|Any CPU.Build.0 = Debug|Any CPU
		{11567B47-A1C3-4F25-9CCE-7817A63F6F82}.Release|Any CPU.ActiveCfg = Release|Any CPU
		{11567B47-A1C3-4F25-9CCE-7817A63F6F82}.Release|Any CPU.Build.0 = Release|Any CPU
		{EB96CD0E-96D7-4680-9E33-49ED194887D5}.Debug|Any CPU.ActiveCfg = Debug|Any CPU
		{EB96CD0E-96D7-4680-9E33-49ED194887D5}.Debug|Any CPU.Build.0 = Debug|Any CPU
		{EB96CD0E-96D7-4680-9E33-49ED194887D5}.Release|Any CPU.ActiveCfg = Release|Any CPU
		{EB96CD0E-96D7-4680-9E33-49ED194887D5}.Release|Any CPU.Build.0 = Release|Any CPU
	EndGlobalSection
	GlobalSection(SolutionProperties) = preSolution
		HideSolutionNode = FALSE
	EndGlobalSection
EndGlobal
